
Microsoft Visual Studio Solution File, Format Version 12.00
# Visual Studio 15
VisualStudioVersion = 15.0.28307.572
MinimumVisualStudioVersion = 10.0.40219.1
Project("{FAE04EC0-301F-11D3-BF4B-00C04F79EFBC}") = "AHAS.WS.INFRA.DATA", "src\AHAS.WS.INFRA.DATA\AHAS.WS.INFRA.DATA.csproj", "{244E5093-BA39-419D-AB59-DA1C65DB59DB}"
EndProject
Project("{FAE04EC0-301F-11D3-BF4B-00C04F79EFBC}") = "AHAS.WS.LOGIC.DOMAIN", "src\AHAS.WS.LOGIC.DOMAIN\AHAS.WS.LOGIC.DOMAIN.csproj", "{F1445CE2-393D-49F4-9AA9-DB2C3238DC82}"
EndProject
Project("{FAE04EC0-301F-11D3-BF4B-00C04F79EFBC}") = "AHAS.WS.LOGIC.SERVICE", "src\AHAS.WS.LOGIC.SERVICE\AHAS.WS.LOGIC.SERVICE.csproj", "{36249E61-9CE7-44AF-8133-E91125249AFB}"
EndProject
Project("{FAE04EC0-301F-11D3-BF4B-00C04F79EFBC}") = "AHAS.WS.WEB.APPLICATION", "src\AHAS.WS.WEB.APPLICATION\AHAS.WS.WEB.APPLICATION.csproj", "{655FF112-7BD3-42B3-B80B-629E8529DD1A}"
EndProject
Global
	GlobalSection(SolutionConfigurationPlatforms) = preSolution
		Debug|Any CPU = Debug|Any CPU
		Release|Any CPU = Release|Any CPU
	EndGlobalSection
	GlobalSection(ProjectConfigurationPlatforms) = postSolution
		{244E5093-BA39-419D-AB59-DA1C65DB59DB}.Debug|Any CPU.ActiveCfg = Debug|Any CPU
		{244E5093-BA39-419D-AB59-DA1C65DB59DB}.Debug|Any CPU.Build.0 = Debug|Any CPU
		{244E5093-BA39-419D-AB59-DA1C65DB59DB}.Release|Any CPU.ActiveCfg = Release|Any CPU
		{244E5093-BA39-419D-AB59-DA1C65DB59DB}.Release|Any CPU.Build.0 = Release|Any CPU
		{F1445CE2-393D-49F4-9AA9-DB2C3238DC82}.Debug|Any CPU.ActiveCfg = Debug|Any CPU
		{F1445CE2-393D-49F4-9AA9-DB2C3238DC82}.Debug|Any CPU.Build.0 = Debug|Any CPU
		{F1445CE2-393D-49F4-9AA9-DB2C3238DC82}.Release|Any CPU.ActiveCfg = Release|Any CPU
		{F1445CE2-393D-49F4-9AA9-DB2C3238DC82}.Release|Any CPU.Build.0 = Release|Any CPU
		{36249E61-9CE7-44AF-8133-E91125249AFB}.Debug|Any CPU.ActiveCfg = Debug|Any CPU
		{36249E61-9CE7-44AF-8133-E91125249AFB}.Debug|Any CPU.Build.0 = Debug|Any CPU
		{36249E61-9CE7-44AF-8133-E91125249AFB}.Release|Any CPU.ActiveCfg = Release|Any CPU
		{36249E61-9CE7-44AF-8133-E91125249AFB}.Release|Any CPU.Build.0 = Release|Any CPU
		{655FF112-7BD3-42B3-B80B-629E8529DD1A}.Debug|Any CPU.ActiveCfg = Debug|Any CPU
		{655FF112-7BD3-42B3-B80B-629E8529DD1A}.Debug|Any CPU.Build.0 = Debug|Any CPU
		{655FF112-7BD3-42B3-B80B-629E8529DD1A}.Release|Any CPU.ActiveCfg = Release|Any CPU
		{655FF112-7BD3-42B3-B80B-629E8529DD1A}.Release|Any CPU.Build.0 = Release|Any CPU
	EndGlobalSection
	GlobalSection(SolutionProperties) = preSolution
		HideSolutionNode = FALSE
	EndGlobalSection
	GlobalSection(ExtensibilityGlobals) = postSolution
		SolutionGuid = {22834B29-8C0A-4FAD-9174-F792B61BBE66}
	EndGlobalSection
EndGlobal
